
Microsoft Visual Studio Solution File, Format Version 12.00
# Visual Studio 15
VisualStudioVersion = 15.0.28307.572
MinimumVisualStudioVersion = 10.0.40219.1
Project("{FAE04EC0-301F-11D3-BF4B-00C04F79EFBC}") = "trello", "trello\trello.csproj", "{6118C215-D185-4C79-8653-299BB3065D68}"
EndProject
Global
	GlobalSection(SolutionConfigurationPlatforms) = preSolution
		Debug|Any CPU = Debug|Any CPU
		Release|Any CPU = Release|Any CPU
	EndGlobalSection
	GlobalSection(ProjectConfigurationPlatforms) = postSolution
		{6118C215-D185-4C79-8653-299BB3065D68}.Debug|Any CPU.ActiveCfg = Debug|Any CPU
		{6118C215-D185-4C79-8653-299BB3065D68}.Debug|Any CPU.Build.0 = Debug|Any CPU
		{6118C215-D185-4C79-8653-299BB3065D68}.Release|Any CPU.ActiveCfg = Release|Any CPU
		{6118C215-D185-4C79-8653-299BB3065D68}.Release|Any CPU.Build.0 = Release|Any CPU
	EndGlobalSection
	GlobalSection(SolutionProperties) = preSolution
		HideSolutionNode = FALSE
	EndGlobalSection
	GlobalSection(ExtensibilityGlobals) = postSolution
		SolutionGuid = {04FA8256-CB17-4906-BFA2-C1F8DA5C37C2}
	EndGlobalSection
EndGlobal
